lockfileVersion: '9.0'

settings:
  autoInstallPeers: true
  excludeLinksFromLockfile: false

importers:

  .:
    dependencies:
      assemblyai:
        specifier: ^4.9.0
        version: 4.9.0

packages:

  assemblyai@4.9.0:
    resolution: {integrity: sha512-YUvkVIdMKvMLNQ07zWNma9YWvdSoGZy9RuJ/fB5uceAgDnTL2uo8sAlytkt52hD8DJ61xmZkfO9jkjXl3sZTiw==}
    engines: {node: '>=18'}

  ws@8.18.0:
    resolution: {integrity: sha512-8VbfWfHLbbwu3+N6OKsOMpBdT4kXPDDB9cJk2bJ6mh9ucxdlnNvH1e+roYkKmN9Nxw2yjz7VzeO9oOz2zJ04Pw==}
    engines: {node: '>=10.0.0'}
    peerDependencies:
      bufferutil: ^4.0.1
      utf-8-validate: '>=5.0.2'
    peerDependenciesMeta:
      bufferutil:
        optional: true
      utf-8-validate:
        optional: true

snapshots:

  assemblyai@4.9.0:
    dependencies:
      ws: 8.18.0
    transitivePeerDependencies:
      - bufferutil
      - utf-8-validate

  ws@8.18.0: {}
